// !$*UTF8*$!
{
	archiveVersion = 1;
	classes = {
	};
	objectVersion = 54;
	objects = {

/* Begin PBXBuildFile section */
		0C80B921A6F3F58F76C31292 /* libPods-SocialMedia.a in Frameworks */ = {isa = PBXBuildFile; fileRef = 5DCACB8F33CDC322A6C60F78 /* libPods-SocialMedia.a */; };
		13B07FBF1A68108700A75B9A /* Images.xcassets in Resources */ = {isa = PBXBuildFile; fileRef = 13B07FB51A68108700A75B9A /* Images.xcassets */; };
		761780ED2CA45674006654EE /* AppDelegate.swift in Sources */ = {isa = PBXBuildFile; fileRef = 761780EC2CA45674006654EE /* AppDelegate.swift */; };
		81AB9BB82411601600AC10FF /* LaunchScreen.storyboard in Resources */ = {isa = PBXBuildFile; fileRef = 81AB9BB72411601600AC10FF /* LaunchScreen.storyboard */; };
		3AE38A1DDC8E4DF5AA070079 /* Inter-Black.ttf in Resources */ = {isa = PBXBuildFile; fileRef = 7A2CA7867D5C4725A38F7FF2 /* Inter-Black.ttf */; };
		491168AAB2B8460AB3C32C80 /* Inter-BlackItalic.ttf in Resources */ = {isa = PBXBuildFile; fileRef = 7B3D41FFEECF4F5D801D9350 /* Inter-BlackItalic.ttf */; };
		B95DD402F0CF4035B6090F4A /* Inter-Bold.ttf in Resources */ = {isa = PBXBuildFile; fileRef = 1A5B77805EC743899487D3A0 /* Inter-Bold.ttf */; };
		E4AEE1B3D0DD4AC4ACC4F7E9 /* Inter-BoldItalic.ttf in Resources */ = {isa = PBXBuildFile; fileRef = 6299845701E54DCCB76B1FA9 /* Inter-BoldItalic.ttf */; };
		C2D87C854E89470A88F053A0 /* Inter-ExtraBold.ttf in Resources */ = {isa = PBXBuildFile; fileRef = B04FEACC82154D4DAC8252C8 /* Inter-ExtraBold.ttf */; };
		1FF6F19BA1DF46EB93E4720E /* Inter-ExtraBoldItalic.ttf in Resources */ = {isa = PBXBuildFile; fileRef = B808DDA32E694824AAB58F76 /* Inter-ExtraBoldItalic.ttf */; };
		9E93DBF190594CACB79667D6 /* Inter-ExtraLight.ttf in Resources */ = {isa = PBXBuildFile; fileRef = 15DA6C0802C3474C8E479A9D /* Inter-ExtraLight.ttf */; };
		3F11AB41D8F944E39DF4BFDF /* Inter-ExtraLightItalic.ttf in Resources */ = {isa = PBXBuildFile; fileRef = A3BCEC27C79E4D99BCC7EF3D /* Inter-ExtraLightItalic.ttf */; };
		5D16D5E9EB09450E92FC5A07 /* Inter-Italic.ttf in Resources */ = {isa = PBXBuildFile; fileRef = 5603F9C6DF7F4224A6BBDCF5 /* Inter-Italic.ttf */; };
		FC7E9054D3F14DBCAD69D5C7 /* Inter-Light.ttf in Resources */ = {isa = PBXBuildFile; fileRef = 4E08E0109A3D480BA262371C /* Inter-Light.ttf */; };
		5082B6C8CB2C49E29B28515C /* Inter-LightItalic.ttf in Resources */ = {isa = PBXBuildFile; fileRef = D0549A35ADC34D9EA3895F8C /* Inter-LightItalic.ttf */; };
		422F90CF77254B0D8EEFF868 /* Inter-Medium.ttf in Resources */ = {isa = PBXBuildFile; fileRef = DC8FD7623A0844989386269F /* Inter-Medium.ttf */; };
		66DE53324B7C4FE9B80D4979 /* Inter-MediumItalic.ttf in Resources */ = {isa = PBXBuildFile; fileRef = CE5C676FFF3149BBB2492912 /* Inter-MediumItalic.ttf */; };
		CCC076958AA041FBAF8A455E /* Inter-Regular.ttf in Resources */ = {isa = PBXBuildFile; fileRef = B69B24C5D9314080951D3FBB /* Inter-Regular.ttf */; };
		A289A10DEEFB4A34A3618DF6 /* Inter-SemiBold.ttf in Resources */ = {isa = PBXBuildFile; fileRef = 918FE836165C4B508753F391 /* Inter-SemiBold.ttf */; };
		FB12361C8CC9425B854A8F94 /* Inter-SemiBoldItalic.ttf in Resources */ = {isa = PBXBuildFile; fileRef = E70091221E4D404FB5F16FAA /* Inter-SemiBoldItalic.ttf */; };
		8E6457126BBD456AA96AD848 /* Inter-Thin.ttf in Resources */ = {isa = PBXBuildFile; fileRef = C8CE5C0DC4B546919DA0D6FB /* Inter-Thin.ttf */; };
		9803F05206E544279CC954AA /* Inter-ThinItalic.ttf in Resources */ = {isa = PBXBuildFile; fileRef = FEFE703F715C43BE97422F93 /* Inter-ThinItalic.ttf */; };
		57CD2338780F4376A43C4A46 /* InterDisplay-Black.ttf in Resources */ = {isa = PBXBuildFile; fileRef = 511BC6CF13854E91838F5AD3 /* InterDisplay-Black.ttf */; };
		2BCC7AE64BDA428F8018EB2F /* InterDisplay-BlackItalic.ttf in Resources */ = {isa = PBXBuildFile; fileRef = 1093668A9F414EE3990B4AE1 /* InterDisplay-BlackItalic.ttf */; };
		C4D7B0CF17CF4C6CBA0B60EC /* InterDisplay-Bold.ttf in Resources */ = {isa = PBXBuildFile; fileRef = 4A83EAAA0A8D4EACAC6B57AC /* InterDisplay-Bold.ttf */; };
		266E3AC975154E39AA305ECC /* InterDisplay-BoldItalic.ttf in Resources */ = {isa = PBXBuildFile; fileRef = 9A2340F3D916404DB8C3556D /* InterDisplay-BoldItalic.ttf */; };
		D5E53103FEB24408B2F74D85 /* InterDisplay-ExtraBold.ttf in Resources */ = {isa = PBXBuildFile; fileRef = 68D2E6E24D2D4C87999BA5E4 /* InterDisplay-ExtraBold.ttf */; };
		DAD55E75CA6A44B3B3F6AA0F /* InterDisplay-ExtraBoldItalic.ttf in Resources */ = {isa = PBXBuildFile; fileRef = 017E5FFD1C3F42D285BE38C1 /* InterDisplay-ExtraBoldItalic.ttf */; };
		94202BA912B34535A33D2FC0 /* InterDisplay-ExtraLight.ttf in Resources */ = {isa = PBXBuildFile; fileRef = D7773D1A8D934919ABF5E9CC /* InterDisplay-ExtraLight.ttf */; };
		1B9384C0CA87429787EF428B /* InterDisplay-ExtraLightItalic.ttf in Resources */ = {isa = PBXBuildFile; fileRef = 295283BB27E6405598C6464C /* InterDisplay-ExtraLightItalic.ttf */; };
		0CF55A69840040298F958932 /* InterDisplay-Italic.ttf in Resources */ = {isa = PBXBuildFile; fileRef = 6963BF7F26E8456487B74586 /* InterDisplay-Italic.ttf */; };
		6076B6A77661496AB37C55FF /* InterDisplay-Light.ttf in Resources */ = {isa = PBXBuildFile; fileRef = 96CD34998730480D98FC6028 /* InterDisplay-Light.ttf */; };
		3EF3120144C24158B3F813D6 /* InterDisplay-LightItalic.ttf in Resources */ = {isa = PBXBuildFile; fileRef = 3D2225227C614EFFB72F2F33 /* InterDisplay-LightItalic.ttf */; };
		B37E080AF6A049A7AA2D363B /* InterDisplay-Medium.ttf in Resources */ = {isa = PBXBuildFile; fileRef = C7B68746DC214E05A23AB8B4 /* InterDisplay-Medium.ttf */; };
		520B724AA6DF4C84B3376CDF /* InterDisplay-MediumItalic.ttf in Resources */ = {isa = PBXBuildFile; fileRef = 0B0E51D9BBBD46DA97B469FD /* InterDisplay-MediumItalic.ttf */; };
		1E235923CD29454CBFBEA7C4 /* InterDisplay-Regular.ttf in Resources */ = {isa = PBXBuildFile; fileRef = BBEAEB4E29A54FB58645FEC5 /* InterDisplay-Regular.ttf */; };
		D32D84CA45EC4A3CB2DFF636 /* InterDisplay-SemiBold.ttf in Resources */ = {isa = PBXBuildFile; fileRef = 84D80415204846A298071EFA /* InterDisplay-SemiBold.ttf */; };
		1065B2CF60BD4D01962858F3 /* InterDisplay-SemiBoldItalic.ttf in Resources */ = {isa = PBXBuildFile; fileRef = 6A64A16C9C264576BF9C34D0 /* InterDisplay-SemiBoldItalic.ttf */; };
		99EF3393BB174D5BBF5E7170 /* InterDisplay-Thin.ttf in Resources */ = {isa = PBXBuildFile; fileRef = 27B25EE627F441F09707F937 /* InterDisplay-Thin.ttf */; };
		DA893D829C2B427FB6741B40 /* InterDisplay-ThinItalic.ttf in Resources */ = {isa = PBXBuildFile; fileRef = 2CED430FC0824D8A83DD787D /* InterDisplay-ThinItalic.ttf */; };
		114CB334BFFE44959A0FD4C6 /* helper.js in Resources */ = {isa = PBXBuildFile; fileRef = D4D56144B72D481E88DD7A92 /* helper.js */; };
/* End PBXBuildFile section */

/* Begin PBXFileReference section */
		13B07F961A680F5B00A75B9A /* SocialMedia.app */ = {isa = PBXFileReference; explicitFileType = wrapper.application; includeInIndex = 0; path = SocialMedia.app; sourceTree = BUILT_PRODUCTS_DIR; };
		13B07FB51A68108700A75B9A /* Images.xcassets */ = {isa = PBXFileReference; lastKnownFileType = folder.assetcatalog; name = Images.xcassets; path = SocialMedia/Images.xcassets; sourceTree = "<group>"; };
		13B07FB61A68108700A75B9A /* Info.plist */ = {isa = PBXFileReference; fileEncoding = 4; lastKnownFileType = text.plist.xml; name = Info.plist; path = SocialMedia/Info.plist; sourceTree = "<group>"; };
		13B07FB81A68108700A75B9A /* PrivacyInfo.xcprivacy */ = {isa = PBXFileReference; fileEncoding = 4; lastKnownFileType = text.plist.xml; name = PrivacyInfo.xcprivacy; path = SocialMedia/PrivacyInfo.xcprivacy; sourceTree = "<group>"; };
		3B4392A12AC88292D35C810B /* Pods-SocialMedia.debug.xcconfig */ = {isa = PBXFileReference; includeInIndex = 1; lastKnownFileType = text.xcconfig; name = "Pods-SocialMedia.debug.xcconfig"; path = "Target Support Files/Pods-SocialMedia/Pods-SocialMedia.debug.xcconfig"; sourceTree = "<group>"; };
		5709B34CF0A7D63546082F79 /* Pods-SocialMedia.release.xcconfig */ = {isa = PBXFileReference; includeInIndex = 1; lastKnownFileType = text.xcconfig; name = "Pods-SocialMedia.release.xcconfig"; path = "Target Support Files/Pods-SocialMedia/Pods-SocialMedia.release.xcconfig"; sourceTree = "<group>"; };
		5DCACB8F33CDC322A6C60F78 /* libPods-SocialMedia.a */ = {isa = PBXFileReference; explicitFileType = archive.ar; includeInIndex = 0; path = "libPods-SocialMedia.a"; sourceTree = BUILT_PRODUCTS_DIR; };
		761780EC2CA45674006654EE /* AppDelegate.swift */ = {isa = PBXFileReference; lastKnownFileType = sourcecode.swift; name = AppDelegate.swift; path = SocialMedia/AppDelegate.swift; sourceTree = "<group>"; };
		81AB9BB72411601600AC10FF /* LaunchScreen.storyboard */ = {isa = PBXFileReference; fileEncoding = 4; lastKnownFileType = file.storyboard; name = LaunchScreen.storyboard; path = SocialMedia/LaunchScreen.storyboard; sourceTree = "<group>"; };
		ED297162215061F000B7C4FE /* JavaScriptCore.framework */ = {isa = PBXFileReference; lastKnownFileType = wrapper.framework; name = JavaScriptCore.framework; path = System/Library/Frameworks/JavaScriptCore.framework; sourceTree = SDKROOT; };
		7A2CA7867D5C4725A38F7FF2 /* Inter-Black.ttf */ = {isa = PBXFileReference; name = "Inter-Black.ttf"; path = "../assets/fonts/Inter-Black.ttf"; sourceTree = "<group>"; fileEncoding = undefined; lastKnownFileType = unknown; explicitFileType = undefined; includeInIndex = 0; };
		7B3D41FFEECF4F5D801D9350 /* Inter-BlackItalic.ttf */ = {isa = PBXFileReference; name = "Inter-BlackItalic.ttf"; path = "../assets/fonts/Inter-BlackItalic.ttf"; sourceTree = "<group>"; fileEncoding = undefined; lastKnownFileType = unknown; explicitFileType = undefined; includeInIndex = 0; };
		1A5B77805EC743899487D3A0 /* Inter-Bold.ttf */ = {isa = PBXFileReference; name = "Inter-Bold.ttf"; path = "../assets/fonts/Inter-Bold.ttf"; sourceTree = "<group>"; fileEncoding = undefined; lastKnownFileType = unknown; explicitFileType = undefined; includeInIndex = 0; };
		6299845701E54DCCB76B1FA9 /* Inter-BoldItalic.ttf */ = {isa = PBXFileReference; name = "Inter-BoldItalic.ttf"; path = "../assets/fonts/Inter-BoldItalic.ttf"; sourceTree = "<group>"; fileEncoding = undefined; lastKnownFileType = unknown; explicitFileType = undefined; includeInIndex = 0; };
		B04FEACC82154D4DAC8252C8 /* Inter-ExtraBold.ttf */ = {isa = PBXFileReference; name = "Inter-ExtraBold.ttf"; path = "../assets/fonts/Inter-ExtraBold.ttf"; sourceTree = "<group>"; fileEncoding = undefined; lastKnownFileType = unknown; explicitFileType = undefined; includeInIndex = 0; };
		B808DDA32E694824AAB58F76 /* Inter-ExtraBoldItalic.ttf */ = {isa = PBXFileReference; name = "Inter-ExtraBoldItalic.ttf"; path = "../assets/fonts/Inter-ExtraBoldItalic.ttf"; sourceTree = "<group>"; fileEncoding = undefined; lastKnownFileType = unknown; explicitFileType = undefined; includeInIndex = 0; };
		15DA6C0802C3474C8E479A9D /* Inter-ExtraLight.ttf */ = {isa = PBXFileReference; name = "Inter-ExtraLight.ttf"; path = "../assets/fonts/Inter-ExtraLight.ttf"; sourceTree = "<group>"; fileEncoding = undefined; lastKnownFileType = unknown; explicitFileType = undefined; includeInIndex = 0; };
		A3BCEC27C79E4D99BCC7EF3D /* Inter-ExtraLightItalic.ttf */ = {isa = PBXFileReference; name = "Inter-ExtraLightItalic.ttf"; path = "../assets/fonts/Inter-ExtraLightItalic.ttf"; sourceTree = "<group>"; fileEncoding = undefined; lastKnownFileType = unknown; explicitFileType = undefined; includeInIndex = 0; };
		5603F9C6DF7F4224A6BBDCF5 /* Inter-Italic.ttf */ = {isa = PBXFileReference; name = "Inter-Italic.ttf"; path = "../assets/fonts/Inter-Italic.ttf"; sourceTree = "<group>"; fileEncoding = undefined; lastKnownFileType = unknown; explicitFileType = undefined; includeInIndex = 0; };
		4E08E0109A3D480BA262371C /* Inter-Light.ttf */ = {isa = PBXFileReference; name = "Inter-Light.ttf"; path = "../assets/fonts/Inter-Light.ttf"; sourceTree = "<group>"; fileEncoding = undefined; lastKnownFileType = unknown; explicitFileType = undefined; includeInIndex = 0; };
		D0549A35ADC34D9EA3895F8C /* Inter-LightItalic.ttf */ = {isa = PBXFileReference; name = "Inter-LightItalic.ttf"; path = "../assets/fonts/Inter-LightItalic.ttf"; sourceTree = "<group>"; fileEncoding = undefined; lastKnownFileType = unknown; explicitFileType = undefined; includeInIndex = 0; };
		DC8FD7623A0844989386269F /* Inter-Medium.ttf */ = {isa = PBXFileReference; name = "Inter-Medium.ttf"; path = "../assets/fonts/Inter-Medium.ttf"; sourceTree = "<group>"; fileEncoding = undefined; lastKnownFileType = unknown; explicitFileType = undefined; includeInIndex = 0; };
		CE5C676FFF3149BBB2492912 /* Inter-MediumItalic.ttf */ = {isa = PBXFileReference; name = "Inter-MediumItalic.ttf"; path = "../assets/fonts/Inter-MediumItalic.ttf"; sourceTree = "<group>"; fileEncoding = undefined; lastKnownFileType = unknown; explicitFileType = undefined; includeInIndex = 0; };
		B69B24C5D9314080951D3FBB /* Inter-Regular.ttf */ = {isa = PBXFileReference; name = "Inter-Regular.ttf"; path = "../assets/fonts/Inter-Regular.ttf"; sourceTree = "<group>"; fileEncoding = undefined; lastKnownFileType = unknown; explicitFileType = undefined; includeInIndex = 0; };
		918FE836165C4B508753F391 /* Inter-SemiBold.ttf */ = {isa = PBXFileReference; name = "Inter-SemiBold.ttf"; path = "../assets/fonts/Inter-SemiBold.ttf"; sourceTree = "<group>"; fileEncoding = undefined; lastKnownFileType = unknown; explicitFileType = undefined; includeInIndex = 0; };
		E70091221E4D404FB5F16FAA /* Inter-SemiBoldItalic.ttf */ = {isa = PBXFileReference; name = "Inter-SemiBoldItalic.ttf"; path = "../assets/fonts/Inter-SemiBoldItalic.ttf"; sourceTree = "<group>"; fileEncoding = undefined; lastKnownFileType = unknown; explicitFileType = undefined; includeInIndex = 0; };
		C8CE5C0DC4B546919DA0D6FB /* Inter-Thin.ttf */ = {isa = PBXFileReference; name = "Inter-Thin.ttf"; path = "../assets/fonts/Inter-Thin.ttf"; sourceTree = "<group>"; fileEncoding = undefined; lastKnownFileType = unknown; explicitFileType = undefined; includeInIndex = 0; };
		FEFE703F715C43BE97422F93 /* Inter-ThinItalic.ttf */ = {isa = PBXFileReference; name = "Inter-ThinItalic.ttf"; path = "../assets/fonts/Inter-ThinItalic.ttf"; sourceTree = "<group>"; fileEncoding = undefined; lastKnownFileType = unknown; explicitFileType = undefined; includeInIndex = 0; };
		511BC6CF13854E91838F5AD3 /* InterDisplay-Black.ttf */ = {isa = PBXFileReference; name = "InterDisplay-Black.ttf"; path = "../assets/fonts/InterDisplay-Black.ttf"; sourceTree = "<group>"; fileEncoding = undefined; lastKnownFileType = unknown; explicitFileType = undefined; includeInIndex = 0; };
		1093668A9F414EE3990B4AE1 /* InterDisplay-BlackItalic.ttf */ = {isa = PBXFileReference; name = "InterDisplay-BlackItalic.ttf"; path = "../assets/fonts/InterDisplay-BlackItalic.ttf"; sourceTree = "<group>"; fileEncoding = undefined; lastKnownFileType = unknown; explicitFileType = undefined; includeInIndex = 0; };
		4A83EAAA0A8D4EACAC6B57AC /* InterDisplay-Bold.ttf */ = {isa = PBXFileReference; name = "InterDisplay-Bold.ttf"; path = "../assets/fonts/InterDisplay-Bold.ttf"; sourceTree = "<group>"; fileEncoding = undefined; lastKnownFileType = unknown; explicitFileType = undefined; includeInIndex = 0; };
		9A2340F3D916404DB8C3556D /* InterDisplay-BoldItalic.ttf */ = {isa = PBXFileReference; name = "InterDisplay-BoldItalic.ttf"; path = "../assets/fonts/InterDisplay-BoldItalic.ttf"; sourceTree = "<group>"; fileEncoding = undefined; lastKnownFileType = unknown; explicitFileType = undefined; includeInIndex = 0; };
		68D2E6E24D2D4C87999BA5E4 /* InterDisplay-ExtraBold.ttf */ = {isa = PBXFileReference; name = "InterDisplay-ExtraBold.ttf"; path = "../assets/fonts/InterDisplay-ExtraBold.ttf"; sourceTree = "<group>"; fileEncoding = undefined; lastKnownFileType = unknown; explicitFileType = undefined; includeInIndex = 0; };
		017E5FFD1C3F42D285BE38C1 /* InterDisplay-ExtraBoldItalic.ttf */ = {isa = PBXFileReference; name = "InterDisplay-ExtraBoldItalic.ttf"; path = "../assets/fonts/InterDisplay-ExtraBoldItalic.ttf"; sourceTree = "<group>"; fileEncoding = undefined; lastKnownFileType = unknown; explicitFileType = undefined; includeInIndex = 0; };
		D7773D1A8D934919ABF5E9CC /* InterDisplay-ExtraLight.ttf */ = {isa = PBXFileReference; name = "InterDisplay-ExtraLight.ttf"; path = "../assets/fonts/InterDisplay-ExtraLight.ttf"; sourceTree = "<group>"; fileEncoding = undefined; lastKnownFileType = unknown; explicitFileType = undefined; includeInIndex = 0; };
		295283BB27E6405598C6464C /* InterDisplay-ExtraLightItalic.ttf */ = {isa = PBXFileReference; name = "InterDisplay-ExtraLightItalic.ttf"; path = "../assets/fonts/InterDisplay-ExtraLightItalic.ttf"; sourceTree = "<group>"; fileEncoding = undefined; lastKnownFileType = unknown; explicitFileType = undefined; includeInIndex = 0; };
		6963BF7F26E8456487B74586 /* InterDisplay-Italic.ttf */ = {isa = PBXFileReference; name = "InterDisplay-Italic.ttf"; path = "../assets/fonts/InterDisplay-Italic.ttf"; sourceTree = "<group>"; fileEncoding = undefined; lastKnownFileType = unknown; explicitFileType = undefined; includeInIndex = 0; };
		96CD34998730480D98FC6028 /* InterDisplay-Light.ttf */ = {isa = PBXFileReference; name = "InterDisplay-Light.ttf"; path = "../assets/fonts/InterDisplay-Light.ttf"; sourceTree = "<group>"; fileEncoding = undefined; lastKnownFileType = unknown; explicitFileType = undefined; includeInIndex = 0; };
		3D2225227C614EFFB72F2F33 /* InterDisplay-LightItalic.ttf */ = {isa = PBXFileReference; name = "InterDisplay-LightItalic.ttf"; path = "../assets/fonts/InterDisplay-LightItalic.ttf"; sourceTree = "<group>"; fileEncoding = undefined; lastKnownFileType = unknown; explicitFileType = undefined; includeInIndex = 0; };
		C7B68746DC214E05A23AB8B4 /* InterDisplay-Medium.ttf */ = {isa = PBXFileReference; name = "InterDisplay-Medium.ttf"; path = "../assets/fonts/InterDisplay-Medium.ttf"; sourceTree = "<group>"; fileEncoding = undefined; lastKnownFileType = unknown; explicitFileType = undefined; includeInIndex = 0; };
		0B0E51D9BBBD46DA97B469FD /* InterDisplay-MediumItalic.ttf */ = {isa = PBXFileReference; name = "InterDisplay-MediumItalic.ttf"; path = "../assets/fonts/InterDisplay-MediumItalic.ttf"; sourceTree = "<group>"; fileEncoding = undefined; lastKnownFileType = unknown; explicitFileType = undefined; includeInIndex = 0; };
		BBEAEB4E29A54FB58645FEC5 /* InterDisplay-Regular.ttf */ = {isa = PBXFileReference; name = "InterDisplay-Regular.ttf"; path = "../assets/fonts/InterDisplay-Regular.ttf"; sourceTree = "<group>"; fileEncoding = undefined; lastKnownFileType = unknown; explicitFileType = undefined; includeInIndex = 0; };
		84D80415204846A298071EFA /* InterDisplay-SemiBold.ttf */ = {isa = PBXFileReference; name = "InterDisplay-SemiBold.ttf"; path = "../assets/fonts/InterDisplay-SemiBold.ttf"; sourceTree = "<group>"; fileEncoding = undefined; lastKnownFileType = unknown; explicitFileType = undefined; includeInIndex = 0; };
		6A64A16C9C264576BF9C34D0 /* InterDisplay-SemiBoldItalic.ttf */ = {isa = PBXFileReference; name = "InterDisplay-SemiBoldItalic.ttf"; path = "../assets/fonts/InterDisplay-SemiBoldItalic.ttf"; sourceTree = "<group>"; fileEncoding = undefined; lastKnownFileType = unknown; explicitFileType = undefined; includeInIndex = 0; };
		27B25EE627F441F09707F937 /* InterDisplay-Thin.ttf */ = {isa = PBXFileReference; name = "InterDisplay-Thin.ttf"; path = "../assets/fonts/InterDisplay-Thin.ttf"; sourceTree = "<group>"; fileEncoding = undefined; lastKnownFileType = unknown; explicitFileType = undefined; includeInIndex = 0; };
		2CED430FC0824D8A83DD787D /* InterDisplay-ThinItalic.ttf */ = {isa = PBXFileReference; name = "InterDisplay-ThinItalic.ttf"; path = "../assets/fonts/InterDisplay-ThinItalic.ttf"; sourceTree = "<group>"; fileEncoding = undefined; lastKnownFileType = unknown; explicitFileType = undefined; includeInIndex = 0; };
		D4D56144B72D481E88DD7A92 /* helper.js */ = {isa = PBXFileReference; name = "helper.js"; path = "../assets/fonts/helper.js"; sourceTree = "<group>"; fileEncoding = undefined; lastKnownFileType = unknown; explicitFileType = undefined; includeInIndex = 0; };
/* End PBXFileReference section */

/* Begin PBXFrameworksBuildPhase section */
		13B07F8C1A680F5B00A75B9A /* Frameworks */ = {
			isa = PBXFrameworksBuildPhase;
			buildActionMask = 2147483647;
			files = (
				0C80B921A6F3F58F76C31292 /* libPods-SocialMedia.a in Frameworks */,
			);
			runOnlyForDeploymentPostprocessing = 0;
		};
/* End PBXFrameworksBuildPhase section */

/* Begin PBXGroup section */
		13B07FAE1A68108700A75B9A /* SocialMedia */ = {
			isa = PBXGroup;
			children = (
				13B07FB51A68108700A75B9A /* Images.xcassets */,
				761780EC2CA45674006654EE /* AppDelegate.swift */,
				13B07FB61A68108700A75B9A /* Info.plist */,
				81AB9BB72411601600AC10FF /* LaunchScreen.storyboard */,
				13B07FB81A68108700A75B9A /* PrivacyInfo.xcprivacy */,
			);
			name = SocialMedia;
			sourceTree = "<group>";
		};
		2D16E6871FA4F8E400B85C8A /* Frameworks */ = {
			isa = PBXGroup;
			children = (
				ED297162215061F000B7C4FE /* JavaScriptCore.framework */,
				5DCACB8F33CDC322A6C60F78 /* libPods-SocialMedia.a */,
			);
			name = Frameworks;
			sourceTree = "<group>";
		};
		832341AE1AAA6A7D00B99B32 /* Libraries */ = {
			isa = PBXGroup;
			children = (
			);
			name = Libraries;
			sourceTree = "<group>";
		};
		83CBB9F61A601CBA00E9B192 = {
			isa = PBXGroup;
			children = (
				13B07FAE1A68108700A75B9A /* SocialMedia */,
				832341AE1AAA6A7D00B99B32 /* Libraries */,
				83CBBA001A601CBA00E9B192 /* Products */,
				2D16E6871FA4F8E400B85C8A /* Frameworks */,
				BBD78D7AC51CEA395F1C20DB /* Pods */,
				4C04EB7ED6354D32914FCDE5 /* Resources */,
			);
			indentWidth = 2;
			sourceTree = "<group>";
			tabWidth = 2;
			usesTabs = 0;
		};
		83CBBA001A601CBA00E9B192 /* Products */ = {
			isa = PBXGroup;
			children = (
				13B07F961A680F5B00A75B9A /* SocialMedia.app */,
			);
			name = Products;
			sourceTree = "<group>";
		};
		BBD78D7AC51CEA395F1C20DB /* Pods */ = {
			isa = PBXGroup;
			children = (
				3B4392A12AC88292D35C810B /* Pods-SocialMedia.debug.xcconfig */,
				5709B34CF0A7D63546082F79 /* Pods-SocialMedia.release.xcconfig */,
			);
			path = Pods;
			sourceTree = "<group>";
		};
		4C04EB7ED6354D32914FCDE5 /* Resources */ = {
			isa = "PBXGroup";
			children = (
				7A2CA7867D5C4725A38F7FF2 /* Inter-Black.ttf */,
				7B3D41FFEECF4F5D801D9350 /* Inter-BlackItalic.ttf */,
				1A5B77805EC743899487D3A0 /* Inter-Bold.ttf */,
				6299845701E54DCCB76B1FA9 /* Inter-BoldItalic.ttf */,
				B04FEACC82154D4DAC8252C8 /* Inter-ExtraBold.ttf */,
				B808DDA32E694824AAB58F76 /* Inter-ExtraBoldItalic.ttf */,
				15DA6C0802C3474C8E479A9D /* Inter-ExtraLight.ttf */,
				A3BCEC27C79E4D99BCC7EF3D /* Inter-ExtraLightItalic.ttf */,
				5603F9C6DF7F4224A6BBDCF5 /* Inter-Italic.ttf */,
				4E08E0109A3D480BA262371C /* Inter-Light.ttf */,
				D0549A35ADC34D9EA3895F8C /* Inter-LightItalic.ttf */,
				DC8FD7623A0844989386269F /* Inter-Medium.ttf */,
				CE5C676FFF3149BBB2492912 /* Inter-MediumItalic.ttf */,
				B69B24C5D9314080951D3FBB /* Inter-Regular.ttf */,
				918FE836165C4B508753F391 /* Inter-SemiBold.ttf */,
				E70091221E4D404FB5F16FAA /* Inter-SemiBoldItalic.ttf */,
				C8CE5C0DC4B546919DA0D6FB /* Inter-Thin.ttf */,
				FEFE703F715C43BE97422F93 /* Inter-ThinItalic.ttf */,
				511BC6CF13854E91838F5AD3 /* InterDisplay-Black.ttf */,
				1093668A9F414EE3990B4AE1 /* InterDisplay-BlackItalic.ttf */,
				4A83EAAA0A8D4EACAC6B57AC /* InterDisplay-Bold.ttf */,
				9A2340F3D916404DB8C3556D /* InterDisplay-BoldItalic.ttf */,
				68D2E6E24D2D4C87999BA5E4 /* InterDisplay-ExtraBold.ttf */,
				017E5FFD1C3F42D285BE38C1 /* InterDisplay-ExtraBoldItalic.ttf */,
				D7773D1A8D934919ABF5E9CC /* InterDisplay-ExtraLight.ttf */,
				295283BB27E6405598C6464C /* InterDisplay-ExtraLightItalic.ttf */,
				6963BF7F26E8456487B74586 /* InterDisplay-Italic.ttf */,
				96CD34998730480D98FC6028 /* InterDisplay-Light.ttf */,
				3D2225227C614EFFB72F2F33 /* InterDisplay-LightItalic.ttf */,
				C7B68746DC214E05A23AB8B4 /* InterDisplay-Medium.ttf */,
				0B0E51D9BBBD46DA97B469FD /* InterDisplay-MediumItalic.ttf */,
				BBEAEB4E29A54FB58645FEC5 /* InterDisplay-Regular.ttf */,
				84D80415204846A298071EFA /* InterDisplay-SemiBold.ttf */,
				6A64A16C9C264576BF9C34D0 /* InterDisplay-SemiBoldItalic.ttf */,
				27B25EE627F441F09707F937 /* InterDisplay-Thin.ttf */,
				2CED430FC0824D8A83DD787D /* InterDisplay-ThinItalic.ttf */,
				D4D56144B72D481E88DD7A92 /* helper.js */,
			);
			name = Resources;
			sourceTree = "<group>";
			path = "";
		};
/* End PBXGroup section */

/* Begin PBXNativeTarget section */
		13B07F861A680F5B00A75B9A /* SocialMedia */ = {
			isa = PBXNativeTarget;
			buildConfigurationList = 13B07F931A680F5B00A75B9A /* Build configuration list for PBXNativeTarget "SocialMedia" */;
			buildPhases = (
				C38B50BA6285516D6DCD4F65 /* [CP] Check Pods Manifest.lock */,
				13B07F871A680F5B00A75B9A /* Sources */,
				13B07F8C1A680F5B00A75B9A /* Frameworks */,
				13B07F8E1A680F5B00A75B9A /* Resources */,
				00DD1BFF1BD5951E006B06BC /* Bundle React Native code and images */,
				00EEFC60759A1932668264C0 /* [CP] Embed Pods Frameworks */,
				E235C05ADACE081382539298 /* [CP] Copy Pods Resources */,
			);
			buildRules = (
			);
			dependencies = (
			);
			name = SocialMedia;
			productName = SocialMedia;
			productReference = 13B07F961A680F5B00A75B9A /* SocialMedia.app */;
			productType = "com.apple.product-type.application";
		};
/* End PBXNativeTarget section */

/* Begin PBXProject section */
		83CBB9F71A601CBA00E9B192 /* Project object */ = {
			isa = PBXProject;
			attributes = {
				LastUpgradeCheck = 1210;
				TargetAttributes = {
					13B07F861A680F5B00A75B9A = {
						LastSwiftMigration = 1120;
					};
				};
			};
			buildConfigurationList = 83CBB9FA1A601CBA00E9B192 /* Build configuration list for PBXProject "SocialMedia" */;
			compatibilityVersion = "Xcode 12.0";
			developmentRegion = en;
			hasScannedForEncodings = 0;
			knownRegions = (
				en,
				Base,
			);
			mainGroup = 83CBB9F61A601CBA00E9B192;
			productRefGroup = 83CBBA001A601CBA00E9B192 /* Products */;
			projectDirPath = "";
			projectRoot = "";
			targets = (
				13B07F861A680F5B00A75B9A /* SocialMedia */,
			);
		};
/* End PBXProject section */

/* Begin PBXResourcesBuildPhase section */
		13B07F8E1A680F5B00A75B9A /* Resources */ = {
			isa = PBXResourcesBuildPhase;
			buildActionMask = 2147483647;
			files = (
				81AB9BB82411601600AC10FF /* LaunchScreen.storyboard in Resources */,
				13B07FBF1A68108700A75B9A /* Images.xcassets in Resources */,
				3AE38A1DDC8E4DF5AA070079 /* Inter-Black.ttf in Resources */,
				491168AAB2B8460AB3C32C80 /* Inter-BlackItalic.ttf in Resources */,
				B95DD402F0CF4035B6090F4A /* Inter-Bold.ttf in Resources */,
				E4AEE1B3D0DD4AC4ACC4F7E9 /* Inter-BoldItalic.ttf in Resources */,
				C2D87C854E89470A88F053A0 /* Inter-ExtraBold.ttf in Resources */,
				1FF6F19BA1DF46EB93E4720E /* Inter-ExtraBoldItalic.ttf in Resources */,
				9E93DBF190594CACB79667D6 /* Inter-ExtraLight.ttf in Resources */,
				3F11AB41D8F944E39DF4BFDF /* Inter-ExtraLightItalic.ttf in Resources */,
				5D16D5E9EB09450E92FC5A07 /* Inter-Italic.ttf in Resources */,
				FC7E9054D3F14DBCAD69D5C7 /* Inter-Light.ttf in Resources */,
				5082B6C8CB2C49E29B28515C /* Inter-LightItalic.ttf in Resources */,
				422F90CF77254B0D8EEFF868 /* Inter-Medium.ttf in Resources */,
				66DE53324B7C4FE9B80D4979 /* Inter-MediumItalic.ttf in Resources */,
				CCC076958AA041FBAF8A455E /* Inter-Regular.ttf in Resources */,
				A289A10DEEFB4A34A3618DF6 /* Inter-SemiBold.ttf in Resources */,
				FB12361C8CC9425B854A8F94 /* Inter-SemiBoldItalic.ttf in Resources */,
				8E6457126BBD456AA96AD848 /* Inter-Thin.ttf in Resources */,
				9803F05206E544279CC954AA /* Inter-ThinItalic.ttf in Resources */,
				57CD2338780F4376A43C4A46 /* InterDisplay-Black.ttf in Resources */,
				2BCC7AE64BDA428F8018EB2F /* InterDisplay-BlackItalic.ttf in Resources */,
				C4D7B0CF17CF4C6CBA0B60EC /* InterDisplay-Bold.ttf in Resources */,
				266E3AC975154E39AA305ECC /* InterDisplay-BoldItalic.ttf in Resources */,
				D5E53103FEB24408B2F74D85 /* InterDisplay-ExtraBold.ttf in Resources */,
				DAD55E75CA6A44B3B3F6AA0F /* InterDisplay-ExtraBoldItalic.ttf in Resources */,
				94202BA912B34535A33D2FC0 /* InterDisplay-ExtraLight.ttf in Resources */,
				1B9384C0CA87429787EF428B /* InterDisplay-ExtraLightItalic.ttf in Resources */,
				0CF55A69840040298F958932 /* InterDisplay-Italic.ttf in Resources */,
				6076B6A77661496AB37C55FF /* InterDisplay-Light.ttf in Resources */,
				3EF3120144C24158B3F813D6 /* InterDisplay-LightItalic.ttf in Resources */,
				B37E080AF6A049A7AA2D363B /* InterDisplay-Medium.ttf in Resources */,
				520B724AA6DF4C84B3376CDF /* InterDisplay-MediumItalic.ttf in Resources */,
				1E235923CD29454CBFBEA7C4 /* InterDisplay-Regular.ttf in Resources */,
				D32D84CA45EC4A3CB2DFF636 /* InterDisplay-SemiBold.ttf in Resources */,
				1065B2CF60BD4D01962858F3 /* InterDisplay-SemiBoldItalic.ttf in Resources */,
				99EF3393BB174D5BBF5E7170 /* InterDisplay-Thin.ttf in Resources */,
				DA893D829C2B427FB6741B40 /* InterDisplay-ThinItalic.ttf in Resources */,
				114CB334BFFE44959A0FD4C6 /* helper.js in Resources */,
			);
			runOnlyForDeploymentPostprocessing = 0;
		};
/* End PBXResourcesBuildPhase section */

/* Begin PBXShellScriptBuildPhase section */
		00DD1BFF1BD5951E006B06BC /* Bundle React Native code and images */ = {
			isa = PBXShellScriptBuildPhase;
			buildActionMask = 2147483647;
			files = (
			);
			inputPaths = (
				"$(SRCROOT)/.xcode.env.local",
				"$(SRCROOT)/.xcode.env",
			);
			name = "Bundle React Native code and images";
			outputPaths = (
			);
			runOnlyForDeploymentPostprocessing = 0;
			shellPath = /bin/sh;
			shellScript = "set -e\n\nWITH_ENVIRONMENT=\"$REACT_NATIVE_PATH/scripts/xcode/with-environment.sh\"\nREACT_NATIVE_XCODE=\"$REACT_NATIVE_PATH/scripts/react-native-xcode.sh\"\n\n/bin/sh -c \"$WITH_ENVIRONMENT $REACT_NATIVE_XCODE\"\n";
		};
		00EEFC60759A1932668264C0 /* [CP] Embed Pods Frameworks */ = {
			isa = PBXShellScriptBuildPhase;
			buildActionMask = 2147483647;
			files = (
			);
			inputFileListPaths = (
				"${PODS_ROOT}/Target Support Files/Pods-SocialMedia/Pods-SocialMedia-frameworks-${CONFIGURATION}-input-files.xcfilelist",
			);
			name = "[CP] Embed Pods Frameworks";
			outputFileListPaths = (
				"${PODS_ROOT}/Target Support Files/Pods-SocialMedia/Pods-SocialMedia-frameworks-${CONFIGURATION}-output-files.xcfilelist",
			);
			runOnlyForDeploymentPostprocessing = 0;
			shellPath = /bin/sh;
			shellScript = "\"${PODS_ROOT}/Target Support Files/Pods-SocialMedia/Pods-SocialMedia-frameworks.sh\"\n";
			showEnvVarsInLog = 0;
		};
		C38B50BA6285516D6DCD4F65 /* [CP] Check Pods Manifest.lock */ = {
			isa = PBXShellScriptBuildPhase;
			buildActionMask = 2147483647;
			files = (
			);
			inputFileListPaths = (
			);
			inputPaths = (
				"${PODS_PODFILE_DIR_PATH}/Podfile.lock",
				"${PODS_ROOT}/Manifest.lock",
			);
			name = "[CP] Check Pods Manifest.lock";
			outputFileListPaths = (
			);
			outputPaths = (
				"$(DERIVED_FILE_DIR)/Pods-SocialMedia-checkManifestLockResult.txt",
			);
			runOnlyForDeploymentPostprocessing = 0;
			shellPath = /bin/sh;
			shellScript = "diff \"${PODS_PODFILE_DIR_PATH}/Podfile.lock\" \"${PODS_ROOT}/Manifest.lock\" > /dev/null\nif [ $? != 0 ] ; then\n    # print error to STDERR\n    echo \"error: The sandbox is not in sync with the Podfile.lock. Run 'pod install' or update your CocoaPods installation.\" >&2\n    exit 1\nfi\n# This output is used by Xcode 'outputs' to avoid re-running this script phase.\necho \"SUCCESS\" > \"${SCRIPT_OUTPUT_FILE_0}\"\n";
			showEnvVarsInLog = 0;
		};
		E235C05ADACE081382539298 /* [CP] Copy Pods Resources */ = {
			isa = PBXShellScriptBuildPhase;
			buildActionMask = 2147483647;
			files = (
			);
			inputFileListPaths = (
				"${PODS_ROOT}/Target Support Files/Pods-SocialMedia/Pods-SocialMedia-resources-${CONFIGURATION}-input-files.xcfilelist",
			);
			name = "[CP] Copy Pods Resources";
			outputFileListPaths = (
				"${PODS_ROOT}/Target Support Files/Pods-SocialMedia/Pods-SocialMedia-resources-${CONFIGURATION}-output-files.xcfilelist",
			);
			runOnlyForDeploymentPostprocessing = 0;
			shellPath = /bin/sh;
			shellScript = "\"${PODS_ROOT}/Target Support Files/Pods-SocialMedia/Pods-SocialMedia-resources.sh\"\n";
			showEnvVarsInLog = 0;
		};
/* End PBXShellScriptBuildPhase section */

/* Begin PBXSourcesBuildPhase section */
		13B07F871A680F5B00A75B9A /* Sources */ = {
			isa = PBXSourcesBuildPhase;
			buildActionMask = 2147483647;
			files = (
				761780ED2CA45674006654EE /* AppDelegate.swift in Sources */,
			);
			runOnlyForDeploymentPostprocessing = 0;
		};
/* End PBXSourcesBuildPhase section */

/* Begin XCBuildConfiguration section */
		13B07F941A680F5B00A75B9A /* Debug */ = {
			isa = XCBuildConfiguration;
			baseConfigurationReference = 3B4392A12AC88292D35C810B /* Pods-SocialMedia.debug.xcconfig */;
			buildSettings = {
				ASSETCATALOG_COMPILER_APPICON_NAME = AppIcon;
				CLANG_ENABLE_MODULES = YES;
				CURRENT_PROJECT_VERSION = 1;
				ENABLE_BITCODE = NO;
				INFOPLIST_FILE = SocialMedia/Info.plist;
				IPHONEOS_DEPLOYMENT_TARGET = 15.1;
				LD_RUNPATH_SEARCH_PATHS = (
					"$(inherited)",
					"@executable_path/Frameworks",
				);
				MARKETING_VERSION = 1.0;
				OTHER_LDFLAGS = (
					"$(inherited)",
					"-ObjC",
					"-lc++",
				);
				PRODUCT_BUNDLE_IDENTIFIER = "org.reactjs.native.example.$(PRODUCT_NAME:rfc1034identifier)";
				PRODUCT_NAME = SocialMedia;
				SWIFT_OPTIMIZATION_LEVEL = "-Onone";
				SWIFT_VERSION = 5.0;
				VERSIONING_SYSTEM = "apple-generic";
			};
			name = Debug;
		};
		13B07F951A680F5B00A75B9A /* Release */ = {
			isa = XCBuildConfiguration;
			baseConfigurationReference = 5709B34CF0A7D63546082F79 /* Pods-SocialMedia.release.xcconfig */;
			buildSettings = {
				ASSETCATALOG_COMPILER_APPICON_NAME = AppIcon;
				CLANG_ENABLE_MODULES = YES;
				CURRENT_PROJECT_VERSION = 1;
				INFOPLIST_FILE = SocialMedia/Info.plist;
				IPHONEOS_DEPLOYMENT_TARGET = 15.1;
				LD_RUNPATH_SEARCH_PATHS = (
					"$(inherited)",
					"@executable_path/Frameworks",
				);
				MARKETING_VERSION = 1.0;
				OTHER_LDFLAGS = (
					"$(inherited)",
					"-ObjC",
					"-lc++",
				);
				PRODUCT_BUNDLE_IDENTIFIER = "org.reactjs.native.example.$(PRODUCT_NAME:rfc1034identifier)";
				PRODUCT_NAME = SocialMedia;
				SWIFT_VERSION = 5.0;
				VERSIONING_SYSTEM = "apple-generic";
			};
			name = Release;
		};
		83CBBA201A601CBA00E9B192 /* Debug */ = {
			isa = XCBuildConfiguration;
			buildSettings = {
				ALWAYS_SEARCH_USER_PATHS = NO;
				CLANG_ANALYZER_LOCALIZABILITY_NONLOCALIZED = YES;
				CLANG_CXX_LANGUAGE_STANDARD = "c++20";
				CLANG_CXX_LIBRARY = "libc++";
				CLANG_ENABLE_MODULES = YES;
				CLANG_ENABLE_OBJC_ARC = YES;
				CLANG_WARN_BLOCK_CAPTURE_AUTORELEASING = YES;
				CLANG_WARN_BOOL_CONVERSION = YES;
				CLANG_WARN_COMMA = YES;
				CLANG_WARN_CONSTANT_CONVERSION = YES;
				CLANG_WARN_DEPRECATED_OBJC_IMPLEMENTATIONS = YES;
				CLANG_WARN_DIRECT_OBJC_ISA_USAGE = YES_ERROR;
				CLANG_WARN_EMPTY_BODY = YES;
				CLANG_WARN_ENUM_CONVERSION = YES;
				CLANG_WARN_INFINITE_RECURSION = YES;
				CLANG_WARN_INT_CONVERSION = YES;
				CLANG_WARN_NON_LITERAL_NULL_CONVERSION = YES;
				CLANG_WARN_OBJC_IMPLICIT_RETAIN_SELF = YES;
				CLANG_WARN_OBJC_LITERAL_CONVERSION = YES;
				CLANG_WARN_OBJC_ROOT_CLASS = YES_ERROR;
				CLANG_WARN_QUOTED_INCLUDE_IN_FRAMEWORK_HEADER = YES;
				CLANG_WARN_RANGE_LOOP_ANALYSIS = YES;
				CLANG_WARN_STRICT_PROTOTYPES = YES;
				CLANG_WARN_SUSPICIOUS_MOVE = YES;
				CLANG_WARN_UNREACHABLE_CODE = YES;
				CLANG_WARN__DUPLICATE_METHOD_MATCH = YES;
				"CODE_SIGN_IDENTITY[sdk=iphoneos*]" = "iPhone Developer";
				COPY_PHASE_STRIP = NO;
				ENABLE_STRICT_OBJC_MSGSEND = YES;
				ENABLE_TESTABILITY = YES;
				"EXCLUDED_ARCHS[sdk=iphonesimulator*]" = "";
				GCC_C_LANGUAGE_STANDARD = gnu99;
				GCC_DYNAMIC_NO_PIC = NO;
				GCC_NO_COMMON_BLOCKS = YES;
				GCC_OPTIMIZATION_LEVEL = 0;
				GCC_PREPROCESSOR_DEFINITIONS = (
					"DEBUG=1",
					"$(inherited)",
				);
				GCC_SYMBOLS_PRIVATE_EXTERN = NO;
				GCC_WARN_64_TO_32_BIT_CONVERSION = YES;
				GCC_WARN_ABOUT_RETURN_TYPE = YES_ERROR;
				GCC_WARN_UNDECLARED_SELECTOR = YES;
				GCC_WARN_UNINITIALIZED_AUTOS = YES_AGGRESSIVE;
				GCC_WARN_UNUSED_FUNCTION = YES;
				GCC_WARN_UNUSED_VARIABLE = YES;
				IPHONEOS_DEPLOYMENT_TARGET = 15.1;
				LD_RUNPATH_SEARCH_PATHS = (
					/usr/lib/swift,
					"$(inherited)",
				);
				LIBRARY_SEARCH_PATHS = (
					"\"$(SDKROOT)/usr/lib/swift\"",
					"\"$(TOOLCHAIN_DIR)/usr/lib/swift/$(PLATFORM_NAME)\"",
					"\"$(inherited)\"",
				);
				MTL_ENABLE_DEBUG_INFO = YES;
				ONLY_ACTIVE_ARCH = YES;
				OTHER_CPLUSPLUSFLAGS = (
					"$(OTHER_CFLAGS)",
					"-DFOLLY_NO_CONFIG",
					"-DFOLLY_MOBILE=1",
					"-DFOLLY_USE_LIBCPP=1",
					"-DFOLLY_CFG_NO_COROUTINES=1",
					"-DFOLLY_HAVE_CLOCK_GETTIME=1",
				);
				SDKROOT = iphoneos;
			};
			name = Debug;
		};
		83CBBA211A601CBA00E9B192 /* Release */ = {
			isa = XCBuildConfiguration;
			buildSettings = {
				ALWAYS_SEARCH_USER_PATHS = NO;
				CLANG_ANALYZER_LOCALIZABILITY_NONLOCALIZED = YES;
				CLANG_CXX_LANGUAGE_STANDARD = "c++20";
				CLANG_CXX_LIBRARY = "libc++";
				CLANG_ENABLE_MODULES = YES;
				CLANG_ENABLE_OBJC_ARC = YES;
				CLANG_WARN_BLOCK_CAPTURE_AUTORELEASING = YES;
				CLANG_WARN_BOOL_CONVERSION = YES;
				CLANG_WARN_COMMA = YES;
				CLANG_WARN_CONSTANT_CONVERSION = YES;
				CLANG_WARN_DEPRECATED_OBJC_IMPLEMENTATIONS = YES;
				CLANG_WARN_DIRECT_OBJC_ISA_USAGE = YES_ERROR;
				CLANG_WARN_EMPTY_BODY = YES;
				CLANG_WARN_ENUM_CONVERSION = YES;
				CLANG_WARN_INFINITE_RECURSION = YES;
				CLANG_WARN_INT_CONVERSION = YES;
				CLANG_WARN_NON_LITERAL_NULL_CONVERSION = YES;
				CLANG_WARN_OBJC_IMPLICIT_RETAIN_SELF = YES;
				CLANG_WARN_OBJC_LITERAL_CONVERSION = YES;
				CLANG_WARN_OBJC_ROOT_CLASS = YES_ERROR;
				CLANG_WARN_QUOTED_INCLUDE_IN_FRAMEWORK_HEADER = YES;
				CLANG_WARN_RANGE_LOOP_ANALYSIS = YES;
				CLANG_WARN_STRICT_PROTOTYPES = YES;
				CLANG_WARN_SUSPICIOUS_MOVE = YES;
				CLANG_WARN_UNREACHABLE_CODE = YES;
				CLANG_WARN__DUPLICATE_METHOD_MATCH = YES;
				"CODE_SIGN_IDENTITY[sdk=iphoneos*]" = "iPhone Developer";
				COPY_PHASE_STRIP = YES;
				ENABLE_NS_ASSERTIONS = NO;
				ENABLE_STRICT_OBJC_MSGSEND = YES;
				"EXCLUDED_ARCHS[sdk=iphonesimulator*]" = "";
				GCC_C_LANGUAGE_STANDARD = gnu99;
				GCC_NO_COMMON_BLOCKS = YES;
				GCC_WARN_64_TO_32_BIT_CONVERSION = YES;
				GCC_WARN_ABOUT_RETURN_TYPE = YES_ERROR;
				GCC_WARN_UNDECLARED_SELECTOR = YES;
				GCC_WARN_UNINITIALIZED_AUTOS = YES_AGGRESSIVE;
				GCC_WARN_UNUSED_FUNCTION = YES;
				GCC_WARN_UNUSED_VARIABLE = YES;
				IPHONEOS_DEPLOYMENT_TARGET = 15.1;
				LD_RUNPATH_SEARCH_PATHS = (
					/usr/lib/swift,
					"$(inherited)",
				);
				LIBRARY_SEARCH_PATHS = (
					"\"$(SDKROOT)/usr/lib/swift\"",
					"\"$(TOOLCHAIN_DIR)/usr/lib/swift/$(PLATFORM_NAME)\"",
					"\"$(inherited)\"",
				);
				MTL_ENABLE_DEBUG_INFO = NO;
				OTHER_CPLUSPLUSFLAGS = (
					"$(OTHER_CFLAGS)",
					"-DFOLLY_NO_CONFIG",
					"-DFOLLY_MOBILE=1",
					"-DFOLLY_USE_LIBCPP=1",
					"-DFOLLY_CFG_NO_COROUTINES=1",
					"-DFOLLY_HAVE_CLOCK_GETTIME=1",
				);
				SDKROOT = iphoneos;
				VALIDATE_PRODUCT = YES;
			};
			name = Release;
		};
/* End XCBuildConfiguration section */

/* Begin XCConfigurationList section */
		13B07F931A680F5B00A75B9A /* Build configuration list for PBXNativeTarget "SocialMedia" */ = {
			isa = XCConfigurationList;
			buildConfigurations = (
				13B07F941A680F5B00A75B9A /* Debug */,
				13B07F951A680F5B00A75B9A /* Release */,
			);
			defaultConfigurationIsVisible = 0;
			defaultConfigurationName = Release;
		};
		83CBB9FA1A601CBA00E9B192 /* Build configuration list for PBXProject "SocialMedia" */ = {
			isa = XCConfigurationList;
			buildConfigurations = (
				83CBBA201A601CBA00E9B192 /* Debug */,
				83CBBA211A601CBA00E9B192 /* Release */,
			);
			defaultConfigurationIsVisible = 0;
			defaultConfigurationName = Release;
		};
/* End XCConfigurationList section */
	};
	rootObject = 83CBB9F71A601CBA00E9B192 /* Project object */;
}
